
Microsoft Visual Studio Solution File, Format Version 12.00
# Visual Studio Version 17
VisualStudioVersion = 17.14.37111.16
MinimumVisualStudioVersion = 10.0.40219.1
Project("{FAE04EC0-301F-11D3-BF4B-00C04F79EFBC}") = "ComfyUIWorkflowRun", "ComfyUIWorkflowRun.csproj", "{333B2A3F-3BBB-4B7C-A332-0668DBD22477}"
EndProject
Project("{FAE04EC0-301F-11D3-BF4B-00C04F79EFBC}") = "ComfyStreamWorkflow", "ComfyStreamWorkflow\ComfyStreamWorkflow.csproj", "{F6D13FB2-59AE-47CF-8692-023E56133EA3}"
EndProject
Project("{FAE04EC0-301F-11D3-BF4B-00C04F79EFBC}") = "WebCamComfyStream", "WebCamComfyStream\WebCamComfyStream.csproj", "{5F37D5BC-243E-41D1-872B-D6DFD019AAAD}"
EndProject
Global
	GlobalSection(SolutionConfigurationPlatforms) = preSolution
		Debug|Any CPU = Debug|Any CPU
		Debug|x64 = Debug|x64
		Debug|x86 = Debug|x86
		Release|Any CPU = Release|Any CPU
		Release|x64 = Release|x64
		Release|x86 = Release|x86
	EndGlobalSection
	GlobalSection(ProjectConfigurationPlatforms) = postSolution
		{333B2A3F-3BBB-4B7C-A332-0668DBD22477}.Debug|Any CPU.ActiveCfg = Debug|Any CPU
		{333B2A3F-3BBB-4B7C-A332-0668DBD22477}.Debug|Any CPU.Build.0 = Debug|Any CPU
		{333B2A3F-3BBB-4B7C-A332-0668DBD22477}.Debug|x64.ActiveCfg = Debug|Any CPU
		{333B2A3F-3BBB-4B7C-A332-0668DBD22477}.Debug|x64.Build.0 = Debug|Any CPU
		{333B2A3F-3BBB-4B7C-A332-0668DBD22477}.Debug|x86.ActiveCfg = Debug|Any CPU
		{333B2A3F-3BBB-4B7C-A332-0668DBD22477}.Debug|x86.Build.0 = Debug|Any CPU
		{333B2A3F-3BBB-4B7C-A332-0668DBD22477}.Release|Any CPU.ActiveCfg = Release|Any CPU
		{333B2A3F-3BBB-4B7C-A332-0668DBD22477}.Release|Any CPU.Build.0 = Release|Any CPU
		{333B2A3F-3BBB-4B7C-A332-0668DBD22477}.Release|x64.ActiveCfg = Release|Any CPU
		{333B2A3F-3BBB-4B7C-A332-0668DBD22477}.Release|x64.Build.0 = Release|Any CPU
		{333B2A3F-3BBB-4B7C-A332-0668DBD22477}.Release|x86.ActiveCfg = Release|Any CPU
		{333B2A3F-3BBB-4B7C-A332-0668DBD22477}.Release|x86.Build.0 = Release|Any CPU
		{F6D13FB2-59AE-47CF-8692-023E56133EA3}.Debug|Any CPU.ActiveCfg = Debug|Any CPU
		{F6D13FB2-59AE-47CF-8692-023E56133EA3}.Debug|Any CPU.Build.0 = Debug|Any CPU
		{F6D13FB2-59AE-47CF-8692-023E56133EA3}.Debug|x64.ActiveCfg = Debug|Any CPU
		{F6D13FB2-59AE-47CF-8692-023E56133EA3}.Debug|x64.Build.0 = Debug|Any CPU
		{F6D13FB2-59AE-47CF-8692-023E56133EA3}.Debug|x86.ActiveCfg = Debug|Any CPU
		{F6D13FB2-59AE-47CF-8692-023E56133EA3}.Debug|x86.Build.0 = Debug|Any CPU
		{F6D13FB2-59AE-47CF-8692-023E56133EA3}.Release|Any CPU.ActiveCfg = Release|Any CPU
		{F6D13FB2-59AE-47CF-8692-023E56133EA3}.Release|Any CPU.Build.0 = Release|Any CPU
		{F6D13FB2-59AE-47CF-8692-023E56133EA3}.Release|x64.ActiveCfg = Release|Any CPU
		{F6D13FB2-59AE-47CF-8692-023E56133EA3}.Release|x64.Build.0 = Release|Any CPU
		{F6D13FB2-59AE-47CF-8692-023E56133EA3}.Release|x86.ActiveCfg = Release|Any CPU
		{F6D13FB2-59AE-47CF-8692-023E56133EA3}.Release|x86.Build.0 = Release|Any CPU
		{5F37D5BC-243E-41D1-872B-D6DFD019AAAD}.Debug|Any CPU.ActiveCfg = Debug|Any CPU
		{5F37D5BC-243E-41D1-872B-D6DFD019AAAD}.Debug|Any CPU.Build.0 = Debug|Any CPU
		{5F37D5BC-243E-41D1-872B-D6DFD019AAAD}.Debug|x64.ActiveCfg = Debug|Any CPU
		{5F37D5BC-243E-41D1-872B-D6DFD019AAAD}.Debug|x64.Build.0 = Debug|Any CPU
		{5F37D5BC-243E-41D1-872B-D6DFD019AAAD}.Debug|x86.ActiveCfg = Debug|Any CPU
		{5F37D5BC-243E-41D1-872B-D6DFD019AAAD}.Debug|x86.Build.0 = Debug|Any CPU
		{5F37D5BC-243E-41D1-872B-D6DFD019AAAD}.Release|Any CPU.ActiveCfg = Release|Any CPU
		{5F37D5BC-243E-41D1-872B-D6DFD019AAAD}.Release|Any CPU.Build.0 = Release|Any CPU
		{5F37D5BC-243E-41D1-872B-D6DFD019AAAD}.Release|x64.ActiveCfg = Release|Any CPU
		{5F37D5BC-243E-41D1-872B-D6DFD019AAAD}.Release|x64.Build.0 = Release|Any CPU
		{5F37D5BC-243E-41D1-872B-D6DFD019AAAD}.Release|x86.ActiveCfg = Release|Any CPU
		{5F37D5BC-243E-41D1-872B-D6DFD019AAAD}.Release|x86.Build.0 = Release|Any CPU
	EndGlobalSection
	GlobalSection(SolutionProperties) = preSolution
		HideSolutionNode = FALSE
	EndGlobalSection
	GlobalSection(ExtensibilityGlobals) = postSolution
		SolutionGuid = {B3E9002B-E855-4093-9592-0514C540FBF4}
	EndGlobalSection
EndGlobal
